{
  "version": 4,
  "terraform_version": "0.13.5",
  "serial": 134,
  "lineage": "ad8e6aee-374c-3a67-6039-4b0c80d84947",
  "outputs": {
    "tls_private_key": {
      "value": "-----BEGIN RSA PRIVATE KEY-----\nMIIJKAIBAAKCAgEAt6E026ECNOz/VEEjmJujCXvgSyub7peEjUAA0dRkIag0P5Ia\n2j2Lmbiw4wmeN1OB+Oe9LKUbBL4oSIOzJSLBPKi8+4I1gk/8eadfm4gG4VTwiGAq\nLthT1YBiBgZYax16qzJh4W2GXz5XWbDDe0DecVPnW4H7hNuhPRhRv0/68x0EIkH7\n+zg+ya/3rEts/COgiv1Zmdc/S+Eo4pSZH/qCyLR/0ihDM4MIO3heV+yXP18kV8iS\neVY484ZagSO7NICO0CAWCr5uOfEcMEST0e3I3GuJxIKJGWR+iJ7c8cb8ZYtl5FYO\nelvJvCr0TGdpL6u9ramrBOJU6M1B7lHH8VNlTRlfi/PfwGuoKpihlj6ygH2Pl8UV\nT0PuhQbsoq03dwR90fgPTy5oLnrQqN6JzskrqvspIo1quuuQa0wjRy4mcQWSBNtc\nwlsyHtoFG2iSeAztk+nOpdZ06XjNagThn8MW8qAnrlg4QPiIGJlX9sG7hTRVjnEI\n1qVVRKywuTnqIJOE3cjrLC3Hai9Z9ja7ZNK9pDqALis72enzZF4QkkEe+4CJZUWb\njw0Y5NeXssrnfmmwcPhX35zAcYadjJ9ddOqUkvn75trWaVm41jZfXq2jN1m31WRa\nED/lRpg7J/bwLjZH8BHx/YmA8tcFfv4nqu/owrpAVdd3L/I6W6zsQBder1UCAwEA\nAQKCAgEAmPzk9eqh1Qhy/XY7uuRIJBmh197gThrMY4YkaK0kM2pZBXGrj5HhIdRf\nAvi7aWrYiVBBKtXvubbYBvo6ocDf77LBqGVmQUh0l8JbhFADM26561T7MAYpamJI\nyK42sh9gWQtjwxWl8uoUinQbmS+FZDO8OGAF9j2piyYczWBMOoo9LHF/B2Fn5k8F\n8PTyOutP0RycrvBHGuffUU7ueFcU6TSAnc3PlzYfALUbHPPPWwvgUoaXiiHM1w9j\njd4AFRDaawmgc5kOapW3n3szEJ6kTwgFQsRihtZUGW0JtSHMnKlT3bXY4BZi77N1\nz8YEO6RBJlOKWUpb5Y1E1dIq26NYbEdHTmlzZdRE9PeYCHlo2eRoF9xCFbiM2fpl\nTJ3dcu7uDibpdUou+Wnv3311yMZHXep0ajhy3Cdh83D5GhurEtkEMCTfse8kNlbH\nKuzq1/XV/mwrbGaf4U3XQ2aM5rsPXKShvg9pmJHFVNca0f/37MxLzucY3sQ16Wh9\nq4fkQITY3imU5i2Rt8EGoMqwUnyO8i8iZrvTiETBK1FZX5bPnYkaDB8j/Sq+XJ7M\npWiTjL5A5zpg5izIVAsTinQZegJQgzFu5BHnyYFitoc2TKzJGYE8kAiywa4GC2Tk\nlonICrhXIh2kE4uTeWSRBplHJ2DQnCtmn2K3Z+F0VCZhyTvZVY0CggEBAN5lKiK7\nigf17VmkNIxyqUTud+dB82kLjXgdi+3s5HxZXTF9YxcDXmGNorUdASH7iiNOypPa\nWV2uVtVFuglwuDWlHQCxj+QXCdjU1m58qbGAy0S8tDX6GYXjSifPlBgKNt04yNun\nqeCF2DxxjmwYL6EbMY0GLS7QI+JHq3yCSMycC//EUxHjZwVWdOfnwYtMCA+6EWI9\nEgwN4n39hFoWe242SXDncbCdlGmWELx7FaaH6UZZ0kydRI4XPf6U3T2fgFYL4yHX\nTacMLnGq+Impvw0865r9sphzbqUlmTE8eM6N8zS6tdUaotY8TDPOiEtVExNidKLV\ngGFhDDa0nz4jKAsCggEBANNgfbELYp5ArmWrnhZo1zq4dn7P7ntmwosMI3Y6q3RU\nH9VMcQhPOVVzwneC/Q3aSz9Rh0FC1FkHTG1kWgoH9iXDbN0Vh6SgVogwRCHvL98M\nDFeWcwCzo1HeiIDxjqcRl5lABiV3kUTU9jYW+J3VMrzy2Ork7rU58IBV4JrsHCGK\ny4nZ6iZQVwn4ZOJnO5n+Q2hYkc981j2VUFowfBP7QOPPuF3tg+khnGg0k/O9t3q+\nxJpgIlG73TUHGqNo1AJLx9gUIM6FuWMu/2hC3IMdpAqbBh5JIHz460HgIl3Kmu1W\nScC7Zx6iB+SRdvhTSlFO4uSdsvOM+UB6AzooO56eQh8CggEASSRYcUfgo7GcOCkr\nJy3mwcb0JFiqZ1fnVSPSi5OnqcXyQn6MglsXRVpBsvMxFi4WRnp5YZskXQ0jfc0K\n3GP4EZyWJ04+lrOFB40oYPobDUfgkmDFnCL/FeukzecVO7rQRH2SgbtowXEDpw1p\n298wevnomAr5/TVzN85+ddqber+vqpS1BWMW1MiUdljgbKG63QFDCl4ve0ttvCYO\ny1otihfMm5di6sVItFkoc/S/MB/u9rY/1fa7P0ghmYL4KHY2zRXnw499+HynIbcr\nOotbTE1G55icjksYjrQI6AqNaNGCtUra1pWGDJOUNE2uwaffODbfSVaSfHRggfVx\nkgwZ9QKCAQAsVCAH8QtNhOMOD1+n83Svq9+t2I1686H45yLIuKUcUEgcw1sxEuxD\nL3Oo/J91OEJvlPl4hjtiMFWm21TGpcTJRqKd+tXngHilNvoS48Z2UGCGPdcAXqvx\nj2mxIPd5sgbI7NRdJyYf+UlpLogVEZECbytul3Q4LV5yi4/+7WU445Kr5jdksZSP\nUrhVgrDNKrWYPHrXuKZ1Y8rmHyTmS9rf68AOcrEnQxU6BUzB4ReJdlhkx6Rq36sU\nY9kCTAmqMZpHhnEa3pBybHjDtMHp/V1ZnAk8cLmPe+RafFa4tLSo8V+mO6b0laZy\nGM+KZG1Bf/m1WB0fVoEvNGdY2vcl3KqhAoIBAHpyDScNjtZpiZi9EzQX9sXogX96\nByPaCJiKbZOXagjIbGvhw/0fpMImyljEl9DVXkMkAlkDvJ+y3wvWglWTBqm6xI4s\nihGW45/xJrsENHpZ3MU2vOWBP1b/BCGEorD+PTPH+4hknXsTND3h5YDhk12BiJFn\nDuc5aEBKxFrPhUtx/150UMYN2xdnUmr0UErto6fkYcftB2eEbRTZexbdeCCBcPFj\nnwhAcSECQIxpzuw7tPocjwmueQwzdkLy0py6LXAGgsXbE3Z7YZX6kZOuwBtCv5xq\nm1v7J+5I6ZCLEDXpwHGxy+zpuHRF8EvVhKoUX9lq/HSJDzkZDTyuMSTaBAY=\n-----END RSA PRIVATE KEY-----\n",
      "type": "string"
    }
  },
  "resources": [
    {
      "mode": "managed",
      "type": "azurerm_linux_virtual_machine",
      "name": "VM",
      "provider": "provider[\"registry.terraform.io/hashicorp/azurerm\"]",
      "instances": [
        {
          "schema_version": 0,
          "attributes": {
            "additional_capabilities": [],
            "admin_password": null,
            "admin_ssh_key": [
              {
                "public_key": "ssh-rsa AAAAB3NzaC1yc2EAAAADAQABAAACAQC3oTTboQI07P9UQSOYm6MJe+BLK5vul4SNQADR1GQhqDQ/khraPYuZuLDjCZ43U4H4570spRsEvihIg7MlIsE8qLz7gjWCT/x5p1+biAbhVPCIYCou2FPVgGIGBlhrHXqrMmHhbYZfPldZsMN7QN5xU+dbgfuE26E9GFG/T/rzHQQiQfv7OD7Jr/esS2z8I6CK/VmZ1z9L4SjilJkf+oLItH/SKEMzgwg7eF5X7Jc/XyRXyJJ5VjjzhlqBI7s0gI7QIBYKvm458RwwRJPR7cjca4nEgokZZH6Intzxxvxli2XkVg56W8m8KvRMZ2kvq72tqasE4lTozUHuUcfxU2VNGV+L89/Aa6gqmKGWPrKAfY+XxRVPQ+6FBuyirTd3BH3R+A9PLmguetCo3onOySuq+ykijWq665BrTCNHLiZxBZIE21zCWzIe2gUbaJJ4DO2T6c6l1nTpeM1qBOGfwxbyoCeuWDhA+IgYmVf2wbuFNFWOcQjWpVVErLC5Oeogk4TdyOssLcdqL1n2Nrtk0r2kOoAuKzvZ6fNkXhCSQR77gIllRZuPDRjk15eyyud+abBw+FffnMBxhp2Mn1106pSS+fvm2tZpWbjWNl9eraM3WbfVZFoQP+VGmDsn9vAuNkfwEfH9iYDy1wV+/ieq7+jCukBV13cv8jpbrOxAF16vVQ==\n",
                "username": "victor"
              }
            ],
            "admin_username": "victor",
            "allow_extension_operations": true,
            "availability_set_id": "",
            "boot_diagnostics": [
              {
                "storage_account_uri": "https://diag99acc0613e34bafa.blob.core.windows.net/"
              }
            ],
            "computer_name": "apacheserverVM",
            "custom_data": null,
            "dedicated_host_id": "",
            "disable_password_authentication": true,
            "encryption_at_host_enabled": false,
            "eviction_policy": "",
            "extensions_time_budget": "PT1H30M",
            "id": "/subscriptions/0be5258f-1755-4279-80ff-7485c444defb/resourceGroups/TestInfra/providers/Microsoft.Compute/virtualMachines/ApacherServerVM",
            "identity": [],
            "location": "westus",
            "max_bid_price": -1,
            "name": "ApacherServerVM",
            "network_interface_ids": [
              "/subscriptions/0be5258f-1755-4279-80ff-7485c444defb/resourceGroups/TestInfra/providers/Microsoft.Network/networkInterfaces/ApacheNIC"
            ],
            "os_disk": [
              {
                "caching": "ReadWrite",
                "diff_disk_settings": [],
                "disk_encryption_set_id": "",
                "disk_size_gb": 30,
                "name": "myOsDisk",
                "storage_account_type": "Premium_LRS",
                "write_accelerator_enabled": false
              }
            ],
            "plan": [],
            "priority": "Regular",
            "private_ip_address": "10.0.0.4",
            "private_ip_addresses": [
              "10.0.0.4"
            ],
            "provision_vm_agent": true,
            "proximity_placement_group_id": "",
            "public_ip_address": "104.42.57.31",
            "public_ip_addresses": [
              "104.42.57.31"
            ],
            "resource_group_name": "TestInfra",
            "secret": [],
            "size": "Standard_DS1_v2",
            "source_image_id": "",
            "source_image_reference": [
              {
                "offer": "UbuntuServer",
                "publisher": "Canonical",
                "sku": "18.04-LTS",
                "version": "latest"
              }
            ],
            "tags": {
              "environment": "Terraform Demo"
            },
            "timeouts": null,
            "virtual_machine_id": "45faff63-dbc5-4d76-855b-35a1aaf592ba",
            "virtual_machine_scale_set_id": "",
            "zone": ""
          },
          "private": "eyJlMmJmYjczMC1lY2FhLTExZTYtOGY4OC0zNDM2M2JjN2M0YzAiOnsiY3JlYXRlIjoyNzAwMDAwMDAwMDAwLCJkZWxldGUiOjI3MDAwMDAwMDAwMDAsInJlYWQiOjMwMDAwMDAwMDAwMCwidXBkYXRlIjoyNzAwMDAwMDAwMDAwfX0=",
          "dependencies": [
            "azurerm_network_interface.NIC",
            "azurerm_resource_group.resourcegroup",
            "azurerm_storage_account.storageaccount",
            "tls_private_key.example_ssh"
          ]
        }
      ]
    },
    {
      "mode": "managed",
      "type": "azurerm_network_interface",
      "name": "NIC",
      "provider": "provider[\"registry.terraform.io/hashicorp/azurerm\"]",
      "instances": [
        {
          "schema_version": 0,
          "attributes": {
            "applied_dns_servers": [],
            "dns_servers": [],
            "enable_accelerated_networking": false,
            "enable_ip_forwarding": false,
            "id": "/subscriptions/0be5258f-1755-4279-80ff-7485c444defb/resourceGroups/TestInfra/providers/Microsoft.Network/networkInterfaces/ApacheNIC",
            "internal_dns_name_label": "",
            "internal_domain_name_suffix": "24tv00vk4ygu3i2j32q2f5xa4h.dx.internal.cloudapp.net",
            "ip_configuration": [
              {
                "name": "internal",
                "primary": true,
                "private_ip_address": "10.0.0.4",
                "private_ip_address_allocation": "Dynamic",
                "private_ip_address_version": "IPv4",
                "public_ip_address_id": "/subscriptions/0be5258f-1755-4279-80ff-7485c444defb/resourceGroups/TestInfra/providers/Microsoft.Network/publicIPAddresses/ApacheIP",
                "subnet_id": "/subscriptions/0be5258f-1755-4279-80ff-7485c444defb/resourceGroups/TestInfra/providers/Microsoft.Network/virtualNetworks/Apache-VNET/subnets/Apache-Subnet"
              }
            ],
            "location": "westus",
            "mac_address": "00-22-48-08-97-96",
            "name": "ApacheNIC",
            "private_ip_address": "10.0.0.4",
            "private_ip_addresses": [
              "10.0.0.4"
            ],
            "resource_group_name": "TestInfra",
            "tags": {},
            "timeouts": null,
            "virtual_machine_id": "/subscriptions/0be5258f-1755-4279-80ff-7485c444defb/resourceGroups/TestInfra/providers/Microsoft.Compute/virtualMachines/ApacherServerVM"
          },
          "private": "eyJlMmJmYjczMC1lY2FhLTExZTYtOGY4OC0zNDM2M2JjN2M0YzAiOnsiY3JlYXRlIjoxODAwMDAwMDAwMDAwLCJkZWxldGUiOjE4MDAwMDAwMDAwMDAsInJlYWQiOjMwMDAwMDAwMDAwMCwidXBkYXRlIjoxODAwMDAwMDAwMDAwfX0=",
          "dependencies": [
            "azurerm_public_ip.publicip",
            "azurerm_resource_group.resourcegroup",
            "azurerm_subnet.subnet",
            "azurerm_virtual_network.mainnetwork"
          ]
        }
      ]
    },
    {
      "mode": "managed",
      "type": "azurerm_network_security_group",
      "name": "nsg",
      "provider": "provider[\"registry.terraform.io/hashicorp/azurerm\"]",
      "instances": [
        {
          "schema_version": 0,
          "attributes": {
            "id": "/subscriptions/0be5258f-1755-4279-80ff-7485c444defb/resourceGroups/TestInfra/providers/Microsoft.Network/networkSecurityGroups/TestNSG",
            "location": "westus",
            "name": "TestNSG",
            "resource_group_name": "TestInfra",
            "security_rule": [
              {
                "access": "Allow",
                "description": "",
                "destination_address_prefix": "*",
                "destination_address_prefixes": [],
                "destination_application_security_group_ids": [],
                "destination_port_range": "*",
                "destination_port_ranges": [],
                "direction": "Inbound",
                "name": "AllowAllInbound",
                "priority": 100,
                "protocol": "Tcp",
                "source_address_prefix": "*",
                "source_address_prefixes": [],
                "source_application_security_group_ids": [],
                "source_port_range": "*",
                "source_port_ranges": []
              }
            ],
            "tags": {},
            "timeouts": null
          },
          "private": "eyJlMmJmYjczMC1lY2FhLTExZTYtOGY4OC0zNDM2M2JjN2M0YzAiOnsiY3JlYXRlIjoxODAwMDAwMDAwMDAwLCJkZWxldGUiOjE4MDAwMDAwMDAwMDAsInJlYWQiOjMwMDAwMDAwMDAwMCwidXBkYXRlIjoxODAwMDAwMDAwMDAwfX0=",
          "dependencies": [
            "azurerm_resource_group.resourcegroup"
          ]
        }
      ]
    },
    {
      "mode": "managed",
      "type": "azurerm_public_ip",
      "name": "publicip",
      "provider": "provider[\"registry.terraform.io/hashicorp/azurerm\"]",
      "instances": [
        {
          "schema_version": 0,
          "attributes": {
            "allocation_method": "Static",
            "domain_name_label": null,
            "fqdn": null,
            "id": "/subscriptions/0be5258f-1755-4279-80ff-7485c444defb/resourceGroups/TestInfra/providers/Microsoft.Network/publicIPAddresses/ApacheIP",
            "idle_timeout_in_minutes": 4,
            "ip_address": "104.42.57.31",
            "ip_version": "IPv4",
            "location": "westus",
            "name": "ApacheIP",
            "public_ip_prefix_id": null,
            "resource_group_name": "TestInfra",
            "reverse_fqdn": null,
            "sku": "Basic",
            "tags": {},
            "timeouts": null,
            "zones": []
          },
          "private": "eyJlMmJmYjczMC1lY2FhLTExZTYtOGY4OC0zNDM2M2JjN2M0YzAiOnsiY3JlYXRlIjoxODAwMDAwMDAwMDAwLCJkZWxldGUiOjE4MDAwMDAwMDAwMDAsInJlYWQiOjMwMDAwMDAwMDAwMCwidXBkYXRlIjoxODAwMDAwMDAwMDAwfX0=",
          "dependencies": [
            "azurerm_resource_group.resourcegroup"
          ]
        }
      ]
    },
    {
      "mode": "managed",
      "type": "azurerm_resource_group",
      "name": "resourcegroup",
      "provider": "provider[\"registry.terraform.io/hashicorp/azurerm\"]",
      "instances": [
        {
          "schema_version": 0,
          "attributes": {
            "id": "/subscriptions/0be5258f-1755-4279-80ff-7485c444defb/resourceGroups/TestInfra",
            "location": "westus",
            "name": "TestInfra",
            "tags": {},
            "timeouts": null
          },
          "private": "eyJlMmJmYjczMC1lY2FhLTExZTYtOGY4OC0zNDM2M2JjN2M0YzAiOnsiY3JlYXRlIjo1NDAwMDAwMDAwMDAwLCJkZWxldGUiOjU0MDAwMDAwMDAwMDAsInJlYWQiOjMwMDAwMDAwMDAwMCwidXBkYXRlIjo1NDAwMDAwMDAwMDAwfX0="
        }
      ]
    },
    {
      "mode": "managed",
      "type": "azurerm_storage_account",
      "name": "storageaccount",
      "provider": "provider[\"registry.terraform.io/hashicorp/azurerm\"]",
      "instances": [
        {
          "schema_version": 2,
          "attributes": {
            "access_tier": "Hot",
            "account_kind": "StorageV2",
            "account_replication_type": "LRS",
            "account_tier": "Standard",
            "allow_blob_public_access": false,
            "blob_properties": [],
            "custom_domain": [],
            "enable_https_traffic_only": true,
            "id": "/subscriptions/0be5258f-1755-4279-80ff-7485c444defb/resourceGroups/TestInfra/providers/Microsoft.Storage/storageAccounts/diag99acc0613e34bafa",
            "identity": [],
            "is_hns_enabled": false,
            "large_file_share_enabled": null,
            "location": "westus",
            "min_tls_version": "TLS1_0",
            "name": "diag99acc0613e34bafa",
            "network_rules": [
              {
                "bypass": [
                  "AzureServices"
                ],
                "default_action": "Allow",
                "ip_rules": [],
                "virtual_network_subnet_ids": []
              }
            ],
            "primary_access_key": "D34DfsqgAhvL0CGCAVkx7Xye8qig6r7XVF2GshWNKdcCgjgzjo1w9vwUJTNMJI9i/Xzw4Fjz5EeP9xXf4/qaaQ==",
            "primary_blob_connection_string": "DefaultEndpointsProtocol=https;BlobEndpoint=https://diag99acc0613e34bafa.blob.core.windows.net/;AccountName=diag99acc0613e34bafa;AccountKey=D34DfsqgAhvL0CGCAVkx7Xye8qig6r7XVF2GshWNKdcCgjgzjo1w9vwUJTNMJI9i/Xzw4Fjz5EeP9xXf4/qaaQ==",
            "primary_blob_endpoint": "https://diag99acc0613e34bafa.blob.core.windows.net/",
            "primary_blob_host": "diag99acc0613e34bafa.blob.core.windows.net",
            "primary_connection_string": "DefaultEndpointsProtocol=https;AccountName=diag99acc0613e34bafa;AccountKey=D34DfsqgAhvL0CGCAVkx7Xye8qig6r7XVF2GshWNKdcCgjgzjo1w9vwUJTNMJI9i/Xzw4Fjz5EeP9xXf4/qaaQ==;EndpointSuffix=core.windows.net",
            "primary_dfs_endpoint": "https://diag99acc0613e34bafa.dfs.core.windows.net/",
            "primary_dfs_host": "diag99acc0613e34bafa.dfs.core.windows.net",
            "primary_file_endpoint": "https://diag99acc0613e34bafa.file.core.windows.net/",
            "primary_file_host": "diag99acc0613e34bafa.file.core.windows.net",
            "primary_location": "westus",
            "primary_queue_endpoint": "https://diag99acc0613e34bafa.queue.core.windows.net/",
            "primary_queue_host": "diag99acc0613e34bafa.queue.core.windows.net",
            "primary_table_endpoint": "https://diag99acc0613e34bafa.table.core.windows.net/",
            "primary_table_host": "diag99acc0613e34bafa.table.core.windows.net",
            "primary_web_endpoint": "https://diag99acc0613e34bafa.z22.web.core.windows.net/",
            "primary_web_host": "diag99acc0613e34bafa.z22.web.core.windows.net",
            "queue_properties": [
              {
                "cors_rule": [],
                "hour_metrics": [
                  {
                    "enabled": true,
                    "include_apis": true,
                    "retention_policy_days": 7,
                    "version": "1.0"
                  }
                ],
                "logging": [
                  {
                    "delete": false,
                    "read": false,
                    "retention_policy_days": 0,
                    "version": "1.0",
                    "write": false
                  }
                ],
                "minute_metrics": [
                  {
                    "enabled": false,
                    "include_apis": false,
                    "retention_policy_days": 0,
                    "version": "1.0"
                  }
                ]
              }
            ],
            "resource_group_name": "TestInfra",
            "secondary_access_key": "VW/s6akKSg8EhEvulm4RPo3p1IKwzLJ+g619kttUkgDlAQjSXzBX/p8NvR27KMqZzzNjICHQPTYxk5kDzrwxzA==",
            "secondary_blob_connection_string": "",
            "secondary_blob_endpoint": null,
            "secondary_blob_host": null,
            "secondary_connection_string": "DefaultEndpointsProtocol=https;AccountName=diag99acc0613e34bafa;AccountKey=VW/s6akKSg8EhEvulm4RPo3p1IKwzLJ+g619kttUkgDlAQjSXzBX/p8NvR27KMqZzzNjICHQPTYxk5kDzrwxzA==;EndpointSuffix=core.windows.net",
            "secondary_dfs_endpoint": null,
            "secondary_dfs_host": null,
            "secondary_file_endpoint": null,
            "secondary_file_host": null,
            "secondary_location": "",
            "secondary_queue_endpoint": null,
            "secondary_queue_host": null,
            "secondary_table_endpoint": null,
            "secondary_table_host": null,
            "secondary_web_endpoint": null,
            "secondary_web_host": null,
            "static_website": [],
            "tags": {},
            "timeouts": null
          },
          "private": "eyJlMmJmYjczMC1lY2FhLTExZTYtOGY4OC0zNDM2M2JjN2M0YzAiOnsiY3JlYXRlIjozNjAwMDAwMDAwMDAwLCJkZWxldGUiOjM2MDAwMDAwMDAwMDAsInJlYWQiOjMwMDAwMDAwMDAwMCwidXBkYXRlIjozNjAwMDAwMDAwMDAwfSwic2NoZW1hX3ZlcnNpb24iOiIyIn0=",
          "dependencies": [
            "azurerm_resource_group.resourcegroup",
            "random_id.randomId"
          ]
        }
      ]
    },
    {
      "mode": "managed",
      "type": "azurerm_subnet",
      "name": "subnet",
      "provider": "provider[\"registry.terraform.io/hashicorp/azurerm\"]",
      "instances": [
        {
          "schema_version": 0,
          "attributes": {
            "address_prefix": "10.0.0.0/24",
            "address_prefixes": [
              "10.0.0.0/24"
            ],
            "delegation": [],
            "enforce_private_link_endpoint_network_policies": false,
            "enforce_private_link_service_network_policies": false,
            "id": "/subscriptions/0be5258f-1755-4279-80ff-7485c444defb/resourceGroups/TestInfra/providers/Microsoft.Network/virtualNetworks/Apache-VNET/subnets/Apache-Subnet",
            "name": "Apache-Subnet",
            "resource_group_name": "TestInfra",
            "service_endpoint_policy_ids": [],
            "service_endpoints": [],
            "timeouts": null,
            "virtual_network_name": "Apache-VNET"
          },
          "private": "eyJlMmJmYjczMC1lY2FhLTExZTYtOGY4OC0zNDM2M2JjN2M0YzAiOnsiY3JlYXRlIjoxODAwMDAwMDAwMDAwLCJkZWxldGUiOjE4MDAwMDAwMDAwMDAsInJlYWQiOjMwMDAwMDAwMDAwMCwidXBkYXRlIjoxODAwMDAwMDAwMDAwfX0=",
          "dependencies": [
            "azurerm_resource_group.resourcegroup",
            "azurerm_virtual_network.mainnetwork"
          ]
        }
      ]
    },
    {
      "mode": "managed",
      "type": "azurerm_virtual_network",
      "name": "mainnetwork",
      "provider": "provider[\"registry.terraform.io/hashicorp/azurerm\"]",
      "instances": [
        {
          "schema_version": 0,
          "attributes": {
            "address_space": [
              "10.0.0.0/16"
            ],
            "bgp_community": "",
            "ddos_protection_plan": [],
            "dns_servers": [],
            "guid": "6a5da7e7-f6aa-4e0d-a389-ef21c2fee0f7",
            "id": "/subscriptions/0be5258f-1755-4279-80ff-7485c444defb/resourceGroups/TestInfra/providers/Microsoft.Network/virtualNetworks/Apache-VNET",
            "location": "westus",
            "name": "Apache-VNET",
            "resource_group_name": "TestInfra",
            "subnet": [
              {
                "address_prefix": "10.0.0.0/24",
                "id": "/subscriptions/0be5258f-1755-4279-80ff-7485c444defb/resourceGroups/TestInfra/providers/Microsoft.Network/virtualNetworks/Apache-VNET/subnets/Apache-Subnet",
                "name": "Apache-Subnet",
                "security_group": ""
              }
            ],
            "tags": {},
            "timeouts": null,
            "vm_protection_enabled": false
          },
          "private": "eyJlMmJmYjczMC1lY2FhLTExZTYtOGY4OC0zNDM2M2JjN2M0YzAiOnsiY3JlYXRlIjoxODAwMDAwMDAwMDAwLCJkZWxldGUiOjE4MDAwMDAwMDAwMDAsInJlYWQiOjMwMDAwMDAwMDAwMCwidXBkYXRlIjoxODAwMDAwMDAwMDAwfX0=",
          "dependencies": [
            "azurerm_resource_group.resourcegroup"
          ]
        }
      ]
    },
    {
      "mode": "managed",
      "type": "random_id",
      "name": "randomId",
      "provider": "provider[\"registry.terraform.io/hashicorp/random\"]",
      "instances": [
        {
          "schema_version": 0,
          "attributes": {
            "b64_std": "mazAYT40uvo=",
            "b64_url": "mazAYT40uvo",
            "byte_length": 8,
            "dec": "11073437107685210874",
            "hex": "99acc0613e34bafa",
            "id": "mazAYT40uvo",
            "keepers": {
              "resource_group": "TestInfra"
            },
            "prefix": null
          },
          "private": "bnVsbA==",
          "dependencies": [
            "azurerm_resource_group.resourcegroup"
          ]
        }
      ]
    },
    {
      "mode": "managed",
      "type": "tls_private_key",
      "name": "example_ssh",
      "provider": "provider[\"registry.terraform.io/hashicorp/tls\"]",
      "instances": [
        {
          "schema_version": 0,
          "attributes": {
            "algorithm": "RSA",
            "ecdsa_curve": "P224",
            "id": "6f9c7f48b63046e898881c41a3f405974be94c1e",
            "private_key_pem": "-----BEGIN RSA PRIVATE KEY-----\nMIIJKAIBAAKCAgEAt6E026ECNOz/VEEjmJujCXvgSyub7peEjUAA0dRkIag0P5Ia\n2j2Lmbiw4wmeN1OB+Oe9LKUbBL4oSIOzJSLBPKi8+4I1gk/8eadfm4gG4VTwiGAq\nLthT1YBiBgZYax16qzJh4W2GXz5XWbDDe0DecVPnW4H7hNuhPRhRv0/68x0EIkH7\n+zg+ya/3rEts/COgiv1Zmdc/S+Eo4pSZH/qCyLR/0ihDM4MIO3heV+yXP18kV8iS\neVY484ZagSO7NICO0CAWCr5uOfEcMEST0e3I3GuJxIKJGWR+iJ7c8cb8ZYtl5FYO\nelvJvCr0TGdpL6u9ramrBOJU6M1B7lHH8VNlTRlfi/PfwGuoKpihlj6ygH2Pl8UV\nT0PuhQbsoq03dwR90fgPTy5oLnrQqN6JzskrqvspIo1quuuQa0wjRy4mcQWSBNtc\nwlsyHtoFG2iSeAztk+nOpdZ06XjNagThn8MW8qAnrlg4QPiIGJlX9sG7hTRVjnEI\n1qVVRKywuTnqIJOE3cjrLC3Hai9Z9ja7ZNK9pDqALis72enzZF4QkkEe+4CJZUWb\njw0Y5NeXssrnfmmwcPhX35zAcYadjJ9ddOqUkvn75trWaVm41jZfXq2jN1m31WRa\nED/lRpg7J/bwLjZH8BHx/YmA8tcFfv4nqu/owrpAVdd3L/I6W6zsQBder1UCAwEA\nAQKCAgEAmPzk9eqh1Qhy/XY7uuRIJBmh197gThrMY4YkaK0kM2pZBXGrj5HhIdRf\nAvi7aWrYiVBBKtXvubbYBvo6ocDf77LBqGVmQUh0l8JbhFADM26561T7MAYpamJI\nyK42sh9gWQtjwxWl8uoUinQbmS+FZDO8OGAF9j2piyYczWBMOoo9LHF/B2Fn5k8F\n8PTyOutP0RycrvBHGuffUU7ueFcU6TSAnc3PlzYfALUbHPPPWwvgUoaXiiHM1w9j\njd4AFRDaawmgc5kOapW3n3szEJ6kTwgFQsRihtZUGW0JtSHMnKlT3bXY4BZi77N1\nz8YEO6RBJlOKWUpb5Y1E1dIq26NYbEdHTmlzZdRE9PeYCHlo2eRoF9xCFbiM2fpl\nTJ3dcu7uDibpdUou+Wnv3311yMZHXep0ajhy3Cdh83D5GhurEtkEMCTfse8kNlbH\nKuzq1/XV/mwrbGaf4U3XQ2aM5rsPXKShvg9pmJHFVNca0f/37MxLzucY3sQ16Wh9\nq4fkQITY3imU5i2Rt8EGoMqwUnyO8i8iZrvTiETBK1FZX5bPnYkaDB8j/Sq+XJ7M\npWiTjL5A5zpg5izIVAsTinQZegJQgzFu5BHnyYFitoc2TKzJGYE8kAiywa4GC2Tk\nlonICrhXIh2kE4uTeWSRBplHJ2DQnCtmn2K3Z+F0VCZhyTvZVY0CggEBAN5lKiK7\nigf17VmkNIxyqUTud+dB82kLjXgdi+3s5HxZXTF9YxcDXmGNorUdASH7iiNOypPa\nWV2uVtVFuglwuDWlHQCxj+QXCdjU1m58qbGAy0S8tDX6GYXjSifPlBgKNt04yNun\nqeCF2DxxjmwYL6EbMY0GLS7QI+JHq3yCSMycC//EUxHjZwVWdOfnwYtMCA+6EWI9\nEgwN4n39hFoWe242SXDncbCdlGmWELx7FaaH6UZZ0kydRI4XPf6U3T2fgFYL4yHX\nTacMLnGq+Impvw0865r9sphzbqUlmTE8eM6N8zS6tdUaotY8TDPOiEtVExNidKLV\ngGFhDDa0nz4jKAsCggEBANNgfbELYp5ArmWrnhZo1zq4dn7P7ntmwosMI3Y6q3RU\nH9VMcQhPOVVzwneC/Q3aSz9Rh0FC1FkHTG1kWgoH9iXDbN0Vh6SgVogwRCHvL98M\nDFeWcwCzo1HeiIDxjqcRl5lABiV3kUTU9jYW+J3VMrzy2Ork7rU58IBV4JrsHCGK\ny4nZ6iZQVwn4ZOJnO5n+Q2hYkc981j2VUFowfBP7QOPPuF3tg+khnGg0k/O9t3q+\nxJpgIlG73TUHGqNo1AJLx9gUIM6FuWMu/2hC3IMdpAqbBh5JIHz460HgIl3Kmu1W\nScC7Zx6iB+SRdvhTSlFO4uSdsvOM+UB6AzooO56eQh8CggEASSRYcUfgo7GcOCkr\nJy3mwcb0JFiqZ1fnVSPSi5OnqcXyQn6MglsXRVpBsvMxFi4WRnp5YZskXQ0jfc0K\n3GP4EZyWJ04+lrOFB40oYPobDUfgkmDFnCL/FeukzecVO7rQRH2SgbtowXEDpw1p\n298wevnomAr5/TVzN85+ddqber+vqpS1BWMW1MiUdljgbKG63QFDCl4ve0ttvCYO\ny1otihfMm5di6sVItFkoc/S/MB/u9rY/1fa7P0ghmYL4KHY2zRXnw499+HynIbcr\nOotbTE1G55icjksYjrQI6AqNaNGCtUra1pWGDJOUNE2uwaffODbfSVaSfHRggfVx\nkgwZ9QKCAQAsVCAH8QtNhOMOD1+n83Svq9+t2I1686H45yLIuKUcUEgcw1sxEuxD\nL3Oo/J91OEJvlPl4hjtiMFWm21TGpcTJRqKd+tXngHilNvoS48Z2UGCGPdcAXqvx\nj2mxIPd5sgbI7NRdJyYf+UlpLogVEZECbytul3Q4LV5yi4/+7WU445Kr5jdksZSP\nUrhVgrDNKrWYPHrXuKZ1Y8rmHyTmS9rf68AOcrEnQxU6BUzB4ReJdlhkx6Rq36sU\nY9kCTAmqMZpHhnEa3pBybHjDtMHp/V1ZnAk8cLmPe+RafFa4tLSo8V+mO6b0laZy\nGM+KZG1Bf/m1WB0fVoEvNGdY2vcl3KqhAoIBAHpyDScNjtZpiZi9EzQX9sXogX96\nByPaCJiKbZOXagjIbGvhw/0fpMImyljEl9DVXkMkAlkDvJ+y3wvWglWTBqm6xI4s\nihGW45/xJrsENHpZ3MU2vOWBP1b/BCGEorD+PTPH+4hknXsTND3h5YDhk12BiJFn\nDuc5aEBKxFrPhUtx/150UMYN2xdnUmr0UErto6fkYcftB2eEbRTZexbdeCCBcPFj\nnwhAcSECQIxpzuw7tPocjwmueQwzdkLy0py6LXAGgsXbE3Z7YZX6kZOuwBtCv5xq\nm1v7J+5I6ZCLEDXpwHGxy+zpuHRF8EvVhKoUX9lq/HSJDzkZDTyuMSTaBAY=\n-----END RSA PRIVATE KEY-----\n",
            "public_key_fingerprint_md5": "75:0c:32:c4:3c:a2:af:a3:31:ba:60:6b:6d:b8:90:c6",
            "public_key_openssh": "ssh-rsa AAAAB3NzaC1yc2EAAAADAQABAAACAQC3oTTboQI07P9UQSOYm6MJe+BLK5vul4SNQADR1GQhqDQ/khraPYuZuLDjCZ43U4H4570spRsEvihIg7MlIsE8qLz7gjWCT/x5p1+biAbhVPCIYCou2FPVgGIGBlhrHXqrMmHhbYZfPldZsMN7QN5xU+dbgfuE26E9GFG/T/rzHQQiQfv7OD7Jr/esS2z8I6CK/VmZ1z9L4SjilJkf+oLItH/SKEMzgwg7eF5X7Jc/XyRXyJJ5VjjzhlqBI7s0gI7QIBYKvm458RwwRJPR7cjca4nEgokZZH6Intzxxvxli2XkVg56W8m8KvRMZ2kvq72tqasE4lTozUHuUcfxU2VNGV+L89/Aa6gqmKGWPrKAfY+XxRVPQ+6FBuyirTd3BH3R+A9PLmguetCo3onOySuq+ykijWq665BrTCNHLiZxBZIE21zCWzIe2gUbaJJ4DO2T6c6l1nTpeM1qBOGfwxbyoCeuWDhA+IgYmVf2wbuFNFWOcQjWpVVErLC5Oeogk4TdyOssLcdqL1n2Nrtk0r2kOoAuKzvZ6fNkXhCSQR77gIllRZuPDRjk15eyyud+abBw+FffnMBxhp2Mn1106pSS+fvm2tZpWbjWNl9eraM3WbfVZFoQP+VGmDsn9vAuNkfwEfH9iYDy1wV+/ieq7+jCukBV13cv8jpbrOxAF16vVQ==\n",
            "public_key_pem": "-----BEGIN PUBLIC KEY-----\nMIICIjANBgkqhkiG9w0BAQEFAAOCAg8AMIICCgKCAgEAt6E026ECNOz/VEEjmJuj\nCXvgSyub7peEjUAA0dRkIag0P5Ia2j2Lmbiw4wmeN1OB+Oe9LKUbBL4oSIOzJSLB\nPKi8+4I1gk/8eadfm4gG4VTwiGAqLthT1YBiBgZYax16qzJh4W2GXz5XWbDDe0De\ncVPnW4H7hNuhPRhRv0/68x0EIkH7+zg+ya/3rEts/COgiv1Zmdc/S+Eo4pSZH/qC\nyLR/0ihDM4MIO3heV+yXP18kV8iSeVY484ZagSO7NICO0CAWCr5uOfEcMEST0e3I\n3GuJxIKJGWR+iJ7c8cb8ZYtl5FYOelvJvCr0TGdpL6u9ramrBOJU6M1B7lHH8VNl\nTRlfi/PfwGuoKpihlj6ygH2Pl8UVT0PuhQbsoq03dwR90fgPTy5oLnrQqN6Jzskr\nqvspIo1quuuQa0wjRy4mcQWSBNtcwlsyHtoFG2iSeAztk+nOpdZ06XjNagThn8MW\n8qAnrlg4QPiIGJlX9sG7hTRVjnEI1qVVRKywuTnqIJOE3cjrLC3Hai9Z9ja7ZNK9\npDqALis72enzZF4QkkEe+4CJZUWbjw0Y5NeXssrnfmmwcPhX35zAcYadjJ9ddOqU\nkvn75trWaVm41jZfXq2jN1m31WRaED/lRpg7J/bwLjZH8BHx/YmA8tcFfv4nqu/o\nwrpAVdd3L/I6W6zsQBder1UCAwEAAQ==\n-----END PUBLIC KEY-----\n",
            "rsa_bits": 4096
          },
          "private": "bnVsbA=="
        }
      ]
    }
  ]
}
